
Microsoft Visual Studio Solution File, Format Version 12.00
# Visual Studio Version 17
VisualStudioVersion = 17.9.34622.214
MinimumVisualStudioVersion = 10.0.40219.1
Project("{FAE04EC0-301F-11D3-BF4B-00C04F79EFBC}") = "SerialzationTask", "SerialzationTask.csproj", "{6B4931EA-91B0-46D0-A396-8C5B321EC23F}"
EndProject
Global
	GlobalSection(SolutionConfigurationPlatforms) = preSolution
		Debug|Any CPU = Debug|Any CPU
		Release|Any CPU = Release|Any CPU
	EndGlobalSection
	GlobalSection(ProjectConfigurationPlatforms) = postSolution
		{6B4931EA-91B0-46D0-A396-8C5B321EC23F}.Debug|Any CPU.ActiveCfg = Debug|Any CPU
		{6B4931EA-91B0-46D0-A396-8C5B321EC23F}.Debug|Any CPU.Build.0 = Debug|Any CPU
		{6B4931EA-91B0-46D0-A396-8C5B321EC23F}.Release|Any CPU.ActiveCfg = Release|Any CPU
		{6B4931EA-91B0-46D0-A396-8C5B321EC23F}.Release|Any CPU.Build.0 = Release|Any CPU
	EndGlobalSection
	GlobalSection(SolutionProperties) = preSolution
		HideSolutionNode = FALSE
	EndGlobalSection
	GlobalSection(ExtensibilityGlobals) = postSolution
		SolutionGuid = {947BE63E-E389-464B-A76E-F84410767BF4}
	EndGlobalSection
EndGlobal
